{
  "requires": true,
  "lockfileVersion": 1,
  "dependencies": {
    "bignumber.js": {
      "version": "9.0.0",
      "resolved": "https://registry.npmjs.org/bignumber.js/-/bignumber.js-9.0.0.tgz",
      "integrity": "sha512-t/OYhhJ2SD+YGBQcjY8GzzDHEk9f3nerxjtfa6tlMXfe7frs/WozhvCNoGvpM0P3bNf3Gq5ZRMlGr5f3r4/N8A=="
    },
    "cbor": {
      "version": "5.1.0",
      "resolved": "https://registry.npmjs.org/cbor/-/cbor-5.1.0.tgz",
      "integrity": "sha512-qzEc7kUShdMbWTaUH7X+aHW8owvBU3FS0dfYR1lGYpoZr0mGJhhojLlZJH653x/DfeMZ56h315FRNBUIG1R7qg==",
      "requires": {
        "bignumber.js": "^9.0.0",
        "nofilter": "^1.0.4"
      }
    },
    "commander": {
      "version": "4.1.1",
      "resolved": "https://registry.npmjs.org/commander/-/commander-4.1.1.tgz",
      "integrity": "sha512-NOKm8xhkzAjzFx8B2v5OAHT+u5pRQc2UCa2Vq9jYL/31o2wi9mxBA7LIFs3sV5VSC49z6pEhfbMULvShKj26WA=="
    },
    "mime": {
      "version": "2.4.6",
      "resolved": "https://registry.npmjs.org/mime/-/mime-2.4.6.tgz",
      "integrity": "sha512-RZKhC3EmpBchfTGBVb8fb+RL2cWyw/32lshnsETttkBAyAUXSGHxbEJWWRXc751DrIxG1q04b8QwMbAwkRPpUA=="
    },
    "nofilter": {
      "version": "1.0.4",
      "resolved": "https://registry.npmjs.org/nofilter/-/nofilter-1.0.4.tgz",
      "integrity": "sha512-N8lidFp+fCz+TD51+haYdbDGrcBWwuHX40F5+z0qkUjMJ5Tp+rdSuAkMJ9N9eoolDlEVTf6u5icM+cNKkKW2mA=="
    },
    "wbn": {
      "version": "0.0.5",
      "resolved": "https://registry.npmjs.org/wbn/-/wbn-0.0.5.tgz",
      "integrity": "sha512-ffB8V6WDcArtyerbCROAQgAb5RQWXgAW4sVLA2EzUjJYWnIh2fMDQuouXBZ5in4uN4WosfRS6InsGGzxNCSfrQ==",
      "requires": {
        "cbor": "^5.0.1",
        "commander": "^4.0.1",
        "mime": "^2.4.4"
      }
    }
  }
}
